
Microsoft Visual Studio Solution File, Format Version 12.00
# Visual Studio Version 17
VisualStudioVersion = 17.1.32328.378
MinimumVisualStudioVersion = 10.0.40219.1
Project("{8BC9CEB8-8B4A-11D0-8D11-00A0C91BC942}") = "Calculatrice_Matrice_CPP", "Calculatrice_Matrice_CPP\Calculatrice_Matrice_CPP.vcxproj", "{224916D9-C93F-49D6-807E-FD3BAA75FFCB}"
EndProject
Global
	GlobalSection(SolutionConfigurationPlatforms) = preSolution
		Debug|ARM = Debug|ARM
		Debug|ARM64 = Debug|ARM64
		Debug|x64 = Debug|x64
		Debug|x86 = Debug|x86
		Release|ARM = Release|ARM
		Release|ARM64 = Release|ARM64
		Release|x64 = Release|x64
		Release|x86 = Release|x86
	EndGlobalSection
	GlobalSection(ProjectConfigurationPlatforms) = postSolution
		{224916D9-C93F-49D6-807E-FD3BAA75FFCB}.Debug|ARM.ActiveCfg = Debug|ARM
		{224916D9-C93F-49D6-807E-FD3BAA75FFCB}.Debug|ARM.Build.0 = Debug|ARM
		{224916D9-C93F-49D6-807E-FD3BAA75FFCB}.Debug|ARM.Deploy.0 = Debug|ARM
		{224916D9-C93F-49D6-807E-FD3BAA75FFCB}.Debug|ARM64.ActiveCfg = Debug|ARM64
		{224916D9-C93F-49D6-807E-FD3BAA75FFCB}.Debug|ARM64.Build.0 = Debug|ARM64
		{224916D9-C93F-49D6-807E-FD3BAA75FFCB}.Debug|ARM64.Deploy.0 = Debug|ARM64
		{224916D9-C93F-49D6-807E-FD3BAA75FFCB}.Debug|x64.ActiveCfg = Debug|x64
		{224916D9-C93F-49D6-807E-FD3BAA75FFCB}.Debug|x64.Build.0 = Debug|x64
		{224916D9-C93F-49D6-807E-FD3BAA75FFCB}.Debug|x64.Deploy.0 = Debug|x64
		{224916D9-C93F-49D6-807E-FD3BAA75FFCB}.Debug|x86.ActiveCfg = Debug|x86
		{224916D9-C93F-49D6-807E-FD3BAA75FFCB}.Debug|x86.Build.0 = Debug|x86
		{224916D9-C93F-49D6-807E-FD3BAA75FFCB}.Debug|x86.Deploy.0 = Debug|x86
		{224916D9-C93F-49D6-807E-FD3BAA75FFCB}.Release|ARM.ActiveCfg = Release|ARM
		{224916D9-C93F-49D6-807E-FD3BAA75FFCB}.Release|ARM.Build.0 = Release|ARM
		{224916D9-C93F-49D6-807E-FD3BAA75FFCB}.Release|ARM.Deploy.0 = Release|ARM
		{224916D9-C93F-49D6-807E-FD3BAA75FFCB}.Release|ARM64.ActiveCfg = Release|ARM64
		{224916D9-C93F-49D6-807E-FD3BAA75FFCB}.Release|ARM64.Build.0 = Release|ARM64
		{224916D9-C93F-49D6-807E-FD3BAA75FFCB}.Release|ARM64.Deploy.0 = Release|ARM64
		{224916D9-C93F-49D6-807E-FD3BAA75FFCB}.Release|x64.ActiveCfg = Release|x64
		{224916D9-C93F-49D6-807E-FD3BAA75FFCB}.Release|x64.Build.0 = Release|x64
		{224916D9-C93F-49D6-807E-FD3BAA75FFCB}.Release|x64.Deploy.0 = Release|x64
		{224916D9-C93F-49D6-807E-FD3BAA75FFCB}.Release|x86.ActiveCfg = Release|x86
		{224916D9-C93F-49D6-807E-FD3BAA75FFCB}.Release|x86.Build.0 = Release|x86
		{224916D9-C93F-49D6-807E-FD3BAA75FFCB}.Release|x86.Deploy.0 = Release|x86
	EndGlobalSection
	GlobalSection(SolutionProperties) = preSolution
		HideSolutionNode = FALSE
	EndGlobalSection
	GlobalSection(ExtensibilityGlobals) = postSolution
		SolutionGuid = {4D8BD4DF-2FF5-4939-A5D6-B0398422B336}
	EndGlobalSection
EndGlobal
